
Microsoft Visual Studio Solution File, Format Version 12.00
# Visual Studio Version 17
VisualStudioVersion = 17.10.34916.146
MinimumVisualStudioVersion = 10.0.40219.1
Project("{FAE04EC0-301F-11D3-BF4B-00C04F79EFBC}") = "BufferPool", "BufferPool\BufferPool.csproj", "{5B06DAEB-B428-4986-85C2-0090E6A0C666}"
EndProject
Project("{FAE04EC0-301F-11D3-BF4B-00C04F79EFBC}") = "BufferPool.Tests", "BufferPool.Tests\BufferPool.Tests.csproj", "{E3B4F90F-6CFB-468A-9394-B242AA7DE6D1}"
EndProject
Project("{FAE04EC0-301F-11D3-BF4B-00C04F79EFBC}") = "BufferPool.BenchMarks", "BufferPool.BenchMarks\BufferPool.BenchMarks.csproj", "{5B3F28E2-4D5B-4449-963D-6F70E75D395E}"
EndProject
Project("{2150E333-8FDC-42A3-9474-1A3956D46DE8}") = "Solution Items", "Solution Items", "{A5891053-8030-431D-A5A2-FF1274478F4C}"
	ProjectSection(SolutionItems) = preProject
		.editorconfig = .editorconfig
		.gitignore = .gitignore
		LICENSE = LICENSE
		README.md = README.md
	EndProjectSection
EndProject
Global
	GlobalSection(SolutionConfigurationPlatforms) = preSolution
		Debug|Any CPU = Debug|Any CPU
		Release|Any CPU = Release|Any CPU
	EndGlobalSection
	GlobalSection(ProjectConfigurationPlatforms) = postSolution
		{5B06DAEB-B428-4986-85C2-0090E6A0C666}.Debug|Any CPU.ActiveCfg = Debug|Any CPU
		{5B06DAEB-B428-4986-85C2-0090E6A0C666}.Debug|Any CPU.Build.0 = Debug|Any CPU
		{5B06DAEB-B428-4986-85C2-0090E6A0C666}.Release|Any CPU.ActiveCfg = Release|Any CPU
		{5B06DAEB-B428-4986-85C2-0090E6A0C666}.Release|Any CPU.Build.0 = Release|Any CPU
		{E3B4F90F-6CFB-468A-9394-B242AA7DE6D1}.Debug|Any CPU.ActiveCfg = Debug|Any CPU
		{E3B4F90F-6CFB-468A-9394-B242AA7DE6D1}.Debug|Any CPU.Build.0 = Debug|Any CPU
		{E3B4F90F-6CFB-468A-9394-B242AA7DE6D1}.Release|Any CPU.ActiveCfg = Release|Any CPU
		{E3B4F90F-6CFB-468A-9394-B242AA7DE6D1}.Release|Any CPU.Build.0 = Release|Any CPU
		{5B3F28E2-4D5B-4449-963D-6F70E75D395E}.Debug|Any CPU.ActiveCfg = Debug|Any CPU
		{5B3F28E2-4D5B-4449-963D-6F70E75D395E}.Debug|Any CPU.Build.0 = Debug|Any CPU
		{5B3F28E2-4D5B-4449-963D-6F70E75D395E}.Release|Any CPU.ActiveCfg = Release|Any CPU
		{5B3F28E2-4D5B-4449-963D-6F70E75D395E}.Release|Any CPU.Build.0 = Release|Any CPU
	EndGlobalSection
	GlobalSection(SolutionProperties) = preSolution
		HideSolutionNode = FALSE
	EndGlobalSection
	GlobalSection(ExtensibilityGlobals) = postSolution
		SolutionGuid = {6821792B-3545-4DB2-A87C-79D3E1D53A56}
	EndGlobalSection
EndGlobal
